// !$*UTF8*$!
{
	archiveVersion = 1;
	classes = {
	};
	objectVersion = 50;
	objects = {

/* Begin PBXBuildFile section */
		777DCEF1258A7B6300BF12F5 /* AddAcount.swift in Sources */ = {isa = PBXBuildFile; fileRef = 777DCEF0258A7B6300BF12F5 /* AddAcount.swift */; };
		777DCEF4258A7DC300BF12F5 /* AccountModel.swift in Sources */ = {isa = PBXBuildFile; fileRef = 777DCEF3258A7DC300BF12F5 /* AccountModel.swift */; };
		777DCF04258A7E2100BF12F5 /* Data.framework in Frameworks */ = {isa = PBXBuildFile; fileRef = 777DCEFB258A7E2100BF12F5 /* Data.framework */; };
		777DCF09258A7E2100BF12F5 /* RemoteAddAccountTests.swift in Sources */ = {isa = PBXBuildFile; fileRef = 777DCF08258A7E2100BF12F5 /* RemoteAddAccountTests.swift */; };
		777DCF19258A7E4400BF12F5 /* Domain.framework in Frameworks */ = {isa = PBXBuildFile; fileRef = 777DCEE7258A788E00BF12F5 /* Domain.framework */; };
		777DCF1A258A7E4400BF12F5 /* Domain.framework in Embed Frameworks */ = {isa = PBXBuildFile; fileRef = 777DCEE7258A788E00BF12F5 /* Domain.framework */; settings = {ATTRIBUTES = (CodeSignOnCopy, RemoveHeadersOnCopy, ); }; };
		777DCF23258A99B400BF12F5 /* .swiftlint.yml in Resources */ = {isa = PBXBuildFile; fileRef = 777DCF22258A99B400BF12F5 /* .swiftlint.yml */; };
		777DCF24258A99B400BF12F5 /* .swiftlint.yml in Resources */ = {isa = PBXBuildFile; fileRef = 777DCF22258A99B400BF12F5 /* .swiftlint.yml */; };
		777DCF25258A99B400BF12F5 /* .swiftlint.yml in Resources */ = {isa = PBXBuildFile; fileRef = 777DCF22258A99B400BF12F5 /* .swiftlint.yml */; };
		777DCF2D258AAD1100BF12F5 /* Model.swift in Sources */ = {isa = PBXBuildFile; fileRef = 777DCF2C258AAD1100BF12F5 /* Model.swift */; };
		777DCF2E258AAD1100BF12F5 /* Model.swift in Sources */ = {isa = PBXBuildFile; fileRef = 777DCF2C258AAD1100BF12F5 /* Model.swift */; };
		777DCF2F258AAD1100BF12F5 /* Model.swift in Sources */ = {isa = PBXBuildFile; fileRef = 777DCF2C258AAD1100BF12F5 /* Model.swift */; };
		777DCF33258AADBA00BF12F5 /* RemoteAddAccount.swift in Sources */ = {isa = PBXBuildFile; fileRef = 777DCF32258AADBA00BF12F5 /* RemoteAddAccount.swift */; };
		777DCF34258AADBA00BF12F5 /* RemoteAddAccount.swift in Sources */ = {isa = PBXBuildFile; fileRef = 777DCF32258AADBA00BF12F5 /* RemoteAddAccount.swift */; };
		777DCF35258AADBA00BF12F5 /* RemoteAddAccount.swift in Sources */ = {isa = PBXBuildFile; fileRef = 777DCF32258AADBA00BF12F5 /* RemoteAddAccount.swift */; };
		777DCF39258AAF2900BF12F5 /* HttpClientPost.swift in Sources */ = {isa = PBXBuildFile; fileRef = 777DCF38258AAF2900BF12F5 /* HttpClientPost.swift */; };
		777DCF3A258AAF2900BF12F5 /* HttpClientPost.swift in Sources */ = {isa = PBXBuildFile; fileRef = 777DCF38258AAF2900BF12F5 /* HttpClientPost.swift */; };
		777DCF3B258AAF2900BF12F5 /* HttpClientPost.swift in Sources */ = {isa = PBXBuildFile; fileRef = 777DCF38258AAF2900BF12F5 /* HttpClientPost.swift */; };
/* End PBXBuildFile section */

/* Begin PBXContainerItemProxy section */
		777DCF05258A7E2100BF12F5 /* PBXContainerItemProxy */ = {
			isa = PBXContainerItemProxy;
			containerPortal = 777DCECC258A77F000BF12F5 /* Project object */;
			proxyType = 1;
			remoteGlobalIDString = 777DCEFA258A7E2100BF12F5;
			remoteInfo = Data;
		};
		777DCF1B258A7E4400BF12F5 /* PBXContainerItemProxy */ = {
			isa = PBXContainerItemProxy;
			containerPortal = 777DCECC258A77F000BF12F5 /* Project object */;
			proxyType = 1;
			remoteGlobalIDString = 777DCEE6258A788E00BF12F5;
			remoteInfo = Domain;
		};
/* End PBXContainerItemProxy section */

/* Begin PBXCopyFilesBuildPhase section */
		777DCF1D258A7E4400BF12F5 /* Embed Frameworks */ = {
			isa = PBXCopyFilesBuildPhase;
			buildActionMask = 2147483647;
			dstPath = "";
			dstSubfolderSpec = 10;
			files = (
				777DCF1A258A7E4400BF12F5 /* Domain.framework in Embed Frameworks */,
			);
			name = "Embed Frameworks";
			runOnlyForDeploymentPostprocessing = 0;
		};
/* End PBXCopyFilesBuildPhase section */

/* Begin PBXFileReference section */
		777DCEE7258A788E00BF12F5 /* Domain.framework */ = {isa = PBXFileReference; explicitFileType = wrapper.framework; includeInIndex = 0; path = Domain.framework; sourceTree = BUILT_PRODUCTS_DIR; };
		777DCEEA258A788E00BF12F5 /* Info.plist */ = {isa = PBXFileReference; lastKnownFileType = text.plist.xml; path = Info.plist; sourceTree = "<group>"; };
		777DCEF0258A7B6300BF12F5 /* AddAcount.swift */ = {isa = PBXFileReference; lastKnownFileType = sourcecode.swift; path = AddAcount.swift; sourceTree = "<group>"; };
		777DCEF3258A7DC300BF12F5 /* AccountModel.swift */ = {isa = PBXFileReference; lastKnownFileType = sourcecode.swift; path = AccountModel.swift; sourceTree = "<group>"; };
		777DCEFB258A7E2100BF12F5 /* Data.framework */ = {isa = PBXFileReference; explicitFileType = wrapper.framework; includeInIndex = 0; path = Data.framework; sourceTree = BUILT_PRODUCTS_DIR; };
		777DCEFE258A7E2100BF12F5 /* Info.plist */ = {isa = PBXFileReference; lastKnownFileType = text.plist.xml; path = Info.plist; sourceTree = "<group>"; };
		777DCF03258A7E2100BF12F5 /* DataTests.xctest */ = {isa = PBXFileReference; explicitFileType = wrapper.cfbundle; includeInIndex = 0; path = DataTests.xctest; sourceTree = BUILT_PRODUCTS_DIR; };
		777DCF08258A7E2100BF12F5 /* RemoteAddAccountTests.swift */ = {isa = PBXFileReference; lastKnownFileType = sourcecode.swift; path = RemoteAddAccountTests.swift; sourceTree = "<group>"; };
		777DCF0A258A7E2100BF12F5 /* Info.plist */ = {isa = PBXFileReference; lastKnownFileType = text.plist.xml; path = Info.plist; sourceTree = "<group>"; };
		777DCF22258A99B400BF12F5 /* .swiftlint.yml */ = {isa = PBXFileReference; fileEncoding = 4; lastKnownFileType = text.yaml; path = .swiftlint.yml; sourceTree = "<group>"; };
		777DCF2C258AAD1100BF12F5 /* Model.swift */ = {isa = PBXFileReference; lastKnownFileType = sourcecode.swift; path = Model.swift; sourceTree = "<group>"; };
		777DCF32258AADBA00BF12F5 /* RemoteAddAccount.swift */ = {isa = PBXFileReference; lastKnownFileType = sourcecode.swift; path = RemoteAddAccount.swift; sourceTree = "<group>"; };
		777DCF38258AAF2900BF12F5 /* HttpClientPost.swift */ = {isa = PBXFileReference; lastKnownFileType = sourcecode.swift; path = HttpClientPost.swift; sourceTree = "<group>"; };
/* End PBXFileReference section */

/* Begin PBXFrameworksBuildPhase section */
		777DCEE4258A788E00BF12F5 /* Frameworks */ = {
			isa = PBXFrameworksBuildPhase;
			buildActionMask = 2147483647;
			files = (
			);
			runOnlyForDeploymentPostprocessing = 0;
		};
		777DCEF8258A7E2100BF12F5 /* Frameworks */ = {
			isa = PBXFrameworksBuildPhase;
			buildActionMask = 2147483647;
			files = (
				777DCF19258A7E4400BF12F5 /* Domain.framework in Frameworks */,
			);
			runOnlyForDeploymentPostprocessing = 0;
		};
		777DCF00258A7E2100BF12F5 /* Frameworks */ = {
			isa = PBXFrameworksBuildPhase;
			buildActionMask = 2147483647;
			files = (
				777DCF04258A7E2100BF12F5 /* Data.framework in Frameworks */,
			);
			runOnlyForDeploymentPostprocessing = 0;
		};
/* End PBXFrameworksBuildPhase section */

/* Begin PBXGroup section */
		777DCECB258A77F000BF12F5 = {
			isa = PBXGroup;
			children = (
				777DCF22258A99B400BF12F5 /* .swiftlint.yml */,
				777DCEE8258A788E00BF12F5 /* Domain */,
				777DCEFC258A7E2100BF12F5 /* Data */,
				777DCF07258A7E2100BF12F5 /* DataTests */,
				777DCED6258A77F000BF12F5 /* Products */,
				777DCF18258A7E4400BF12F5 /* Frameworks */,
			);
			sourceTree = "<group>";
		};
		777DCED6258A77F000BF12F5 /* Products */ = {
			isa = PBXGroup;
			children = (
				777DCEE7258A788E00BF12F5 /* Domain.framework */,
				777DCEFB258A7E2100BF12F5 /* Data.framework */,
				777DCF03258A7E2100BF12F5 /* DataTests.xctest */,
			);
			name = Products;
			sourceTree = "<group>";
		};
		777DCEE8258A788E00BF12F5 /* Domain */ = {
			isa = PBXGroup;
			children = (
				777DCEEA258A788E00BF12F5 /* Info.plist */,
				777DCEF0258A7B6300BF12F5 /* AddAcount.swift */,
				777DCEF3258A7DC300BF12F5 /* AccountModel.swift */,
				777DCF2C258AAD1100BF12F5 /* Model.swift */,
			);
			path = Domain;
			sourceTree = "<group>";
		};
		777DCEFC258A7E2100BF12F5 /* Data */ = {
			isa = PBXGroup;
			children = (
				777DCF32258AADBA00BF12F5 /* RemoteAddAccount.swift */,
				777DCF38258AAF2900BF12F5 /* HttpClientPost.swift */,
				777DCEFE258A7E2100BF12F5 /* Info.plist */,
			);
			path = Data;
			sourceTree = "<group>";
		};
		777DCF07258A7E2100BF12F5 /* DataTests */ = {
			isa = PBXGroup;
			children = (
				777DCF08258A7E2100BF12F5 /* RemoteAddAccountTests.swift */,
				777DCF0A258A7E2100BF12F5 /* Info.plist */,
			);
			path = DataTests;
			sourceTree = "<group>";
		};
		777DCF18258A7E4400BF12F5 /* Frameworks */ = {
			isa = PBXGroup;
			children = (
			);
			name = Frameworks;
			sourceTree = "<group>";
		};
/* End PBXGroup section */

/* Begin PBXHeadersBuildPhase section */
		777DCEE2258A788E00BF12F5 /* Headers */ = {
			isa = PBXHeadersBuildPhase;
			buildActionMask = 2147483647;
			files = (
			);
			runOnlyForDeploymentPostprocessing = 0;
		};
		777DCEF6258A7E2100BF12F5 /* Headers */ = {
			isa = PBXHeadersBuildPhase;
			buildActionMask = 2147483647;
			files = (
			);
			runOnlyForDeploymentPostprocessing = 0;
		};
/* End PBXHeadersBuildPhase section */

/* Begin PBXNativeTarget section */
		777DCEE6258A788E00BF12F5 /* Domain */ = {
			isa = PBXNativeTarget;
			buildConfigurationList = 777DCEEC258A788E00BF12F5 /* Build configuration list for PBXNativeTarget "Domain" */;
			buildPhases = (
				777DCEE2258A788E00BF12F5 /* Headers */,
				777DCEE3258A788E00BF12F5 /* Sources */,
				777DCEE4258A788E00BF12F5 /* Frameworks */,
				777DCEE5258A788E00BF12F5 /* Resources */,
			);
			buildRules = (
			);
			dependencies = (
			);
			name = Domain;
			productName = Domain;
			productReference = 777DCEE7258A788E00BF12F5 /* Domain.framework */;
			productType = "com.apple.product-type.framework";
		};
		777DCEFA258A7E2100BF12F5 /* Data */ = {
			isa = PBXNativeTarget;
			buildConfigurationList = 777DCF0C258A7E2100BF12F5 /* Build configuration list for PBXNativeTarget "Data" */;
			buildPhases = (
				777DCEF6258A7E2100BF12F5 /* Headers */,
				777DCEF7258A7E2100BF12F5 /* Sources */,
				777DCEF8258A7E2100BF12F5 /* Frameworks */,
				777DCEF9258A7E2100BF12F5 /* Resources */,
				777DCF1D258A7E4400BF12F5 /* Embed Frameworks */,
			);
			buildRules = (
			);
			dependencies = (
				777DCF1C258A7E4400BF12F5 /* PBXTargetDependency */,
			);
			name = Data;
			productName = Data;
			productReference = 777DCEFB258A7E2100BF12F5 /* Data.framework */;
			productType = "com.apple.product-type.framework";
		};
		777DCF02258A7E2100BF12F5 /* DataTests */ = {
			isa = PBXNativeTarget;
			buildConfigurationList = 777DCF0F258A7E2100BF12F5 /* Build configuration list for PBXNativeTarget "DataTests" */;
			buildPhases = (
				777DCEFF258A7E2100BF12F5 /* Sources */,
				777DCF00258A7E2100BF12F5 /* Frameworks */,
				777DCF01258A7E2100BF12F5 /* Resources */,
			);
			buildRules = (
			);
			dependencies = (
				777DCF06258A7E2100BF12F5 /* PBXTargetDependency */,
			);
			name = DataTests;
			productName = DataTests;
			productReference = 777DCF03258A7E2100BF12F5 /* DataTests.xctest */;
			productType = "com.apple.product-type.bundle.unit-test";
		};
/* End PBXNativeTarget section */

/* Begin PBXProject section */
		777DCECC258A77F000BF12F5 /* Project object */ = {
			isa = PBXProject;
			attributes = {
				LastSwiftUpdateCheck = 1230;
				LastUpgradeCheck = 1230;
				TargetAttributes = {
					777DCEE6258A788E00BF12F5 = {
						CreatedOnToolsVersion = 12.3;
						LastSwiftMigration = 1230;
					};
					777DCEFA258A7E2100BF12F5 = {
						CreatedOnToolsVersion = 12.3;
						LastSwiftMigration = 1230;
					};
					777DCF02258A7E2100BF12F5 = {
						CreatedOnToolsVersion = 12.3;
					};
				};
			};
			buildConfigurationList = 777DCECF258A77F000BF12F5 /* Build configuration list for PBXProject "CleanApp" */;
			compatibilityVersion = "Xcode 9.3";
			developmentRegion = en;
			hasScannedForEncodings = 0;
			knownRegions = (
				en,
				Base,
			);
			mainGroup = 777DCECB258A77F000BF12F5;
			productRefGroup = 777DCED6258A77F000BF12F5 /* Products */;
			projectDirPath = "";
			projectRoot = "";
			targets = (
				777DCEE6258A788E00BF12F5 /* Domain */,
				777DCEFA258A7E2100BF12F5 /* Data */,
				777DCF02258A7E2100BF12F5 /* DataTests */,
			);
		};
/* End PBXProject section */

/* Begin PBXResourcesBuildPhase section */
		777DCEE5258A788E00BF12F5 /* Resources */ = {
			isa = PBXResourcesBuildPhase;
			buildActionMask = 2147483647;
			files = (
				777DCF23258A99B400BF12F5 /* .swiftlint.yml in Resources */,
			);
			runOnlyForDeploymentPostprocessing = 0;
		};
		777DCEF9258A7E2100BF12F5 /* Resources */ = {
			isa = PBXResourcesBuildPhase;
			buildActionMask = 2147483647;
			files = (
				777DCF24258A99B400BF12F5 /* .swiftlint.yml in Resources */,
			);
			runOnlyForDeploymentPostprocessing = 0;
		};
		777DCF01258A7E2100BF12F5 /* Resources */ = {
			isa = PBXResourcesBuildPhase;
			buildActionMask = 2147483647;
			files = (
				777DCF25258A99B400BF12F5 /* .swiftlint.yml in Resources */,
			);
			runOnlyForDeploymentPostprocessing = 0;
		};
/* End PBXResourcesBuildPhase section */

/* Begin PBXSourcesBuildPhase section */
		777DCEE3258A788E00BF12F5 /* Sources */ = {
			isa = PBXSourcesBuildPhase;
			buildActionMask = 2147483647;
			files = (
				777DCF2D258AAD1100BF12F5 /* Model.swift in Sources */,
				777DCF39258AAF2900BF12F5 /* HttpClientPost.swift in Sources */,
				777DCEF1258A7B6300BF12F5 /* AddAcount.swift in Sources */,
				777DCEF4258A7DC300BF12F5 /* AccountModel.swift in Sources */,
				777DCF33258AADBA00BF12F5 /* RemoteAddAccount.swift in Sources */,
			);
			runOnlyForDeploymentPostprocessing = 0;
		};
		777DCEF7258A7E2100BF12F5 /* Sources */ = {
			isa = PBXSourcesBuildPhase;
			buildActionMask = 2147483647;
			files = (
				777DCF2E258AAD1100BF12F5 /* Model.swift in Sources */,
				777DCF34258AADBA00BF12F5 /* RemoteAddAccount.swift in Sources */,
				777DCF3A258AAF2900BF12F5 /* HttpClientPost.swift in Sources */,
			);
			runOnlyForDeploymentPostprocessing = 0;
		};
		777DCEFF258A7E2100BF12F5 /* Sources */ = {
			isa = PBXSourcesBuildPhase;
			buildActionMask = 2147483647;
			files = (
				777DCF3B258AAF2900BF12F5 /* HttpClientPost.swift in Sources */,
				777DCF35258AADBA00BF12F5 /* RemoteAddAccount.swift in Sources */,
				777DCF09258A7E2100BF12F5 /* RemoteAddAccountTests.swift in Sources */,
				777DCF2F258AAD1100BF12F5 /* Model.swift in Sources */,
			);
			runOnlyForDeploymentPostprocessing = 0;
		};
/* End PBXSourcesBuildPhase section */

/* Begin PBXTargetDependency section */
		777DCF06258A7E2100BF12F5 /* PBXTargetDependency */ = {
			isa = PBXTargetDependency;
			target = 777DCEFA258A7E2100BF12F5 /* Data */;
			targetProxy = 777DCF05258A7E2100BF12F5 /* PBXContainerItemProxy */;
		};
		777DCF1C258A7E4400BF12F5 /* PBXTargetDependency */ = {
			isa = PBXTargetDependency;
			target = 777DCEE6258A788E00BF12F5 /* Domain */;
			targetProxy = 777DCF1B258A7E4400BF12F5 /* PBXContainerItemProxy */;
		};
/* End PBXTargetDependency section */

/* Begin XCBuildConfiguration section */
		777DCEDB258A77F000BF12F5 /* Debug */ = {
			isa = XCBuildConfiguration;
			buildSettings = {
				ALWAYS_SEARCH_USER_PATHS = NO;
				CLANG_ANALYZER_NONNULL = YES;
				CLANG_ANALYZER_NUMBER_OBJECT_CONVERSION = YES_AGGRESSIVE;
				CLANG_CXX_LANGUAGE_STANDARD = "gnu++14";
				CLANG_CXX_LIBRARY = "libc++";
				CLANG_ENABLE_MODULES = YES;
				CLANG_ENABLE_OBJC_ARC = YES;
				CLANG_ENABLE_OBJC_WEAK = YES;
				CLANG_WARN_BLOCK_CAPTURE_AUTORELEASING = YES;
				CLANG_WARN_BOOL_CONVERSION = YES;
				CLANG_WARN_COMMA = YES;
				CLANG_WARN_CONSTANT_CONVERSION = YES;
				CLANG_WARN_DEPRECATED_OBJC_IMPLEMENTATIONS = YES;
				CLANG_WARN_DIRECT_OBJC_ISA_USAGE = YES_ERROR;
				CLANG_WARN_DOCUMENTATION_COMMENTS = YES;
				CLANG_WARN_EMPTY_BODY = YES;
				CLANG_WARN_ENUM_CONVERSION = YES;
				CLANG_WARN_INFINITE_RECURSION = YES;
				CLANG_WARN_INT_CONVERSION = YES;
				CLANG_WARN_NON_LITERAL_NULL_CONVERSION = YES;
				CLANG_WARN_OBJC_IMPLICIT_RETAIN_SELF = YES;
				CLANG_WARN_OBJC_LITERAL_CONVERSION = YES;
				CLANG_WARN_OBJC_ROOT_CLASS = YES_ERROR;
				CLANG_WARN_QUOTED_INCLUDE_IN_FRAMEWORK_HEADER = YES;
				CLANG_WARN_RANGE_LOOP_ANALYSIS = YES;
				CLANG_WARN_STRICT_PROTOTYPES = YES;
				CLANG_WARN_SUSPICIOUS_MOVE = YES;
				CLANG_WARN_UNGUARDED_AVAILABILITY = YES_AGGRESSIVE;
				CLANG_WARN_UNREACHABLE_CODE = YES;
				CLANG_WARN__DUPLICATE_METHOD_MATCH = YES;
				COPY_PHASE_STRIP = NO;
				CURRENT_PROJECT_VERSION = 1;
				DEBUG_INFORMATION_FORMAT = dwarf;
				ENABLE_STRICT_OBJC_MSGSEND = YES;
				ENABLE_TESTABILITY = YES;
				GCC_C_LANGUAGE_STANDARD = gnu11;
				GCC_DYNAMIC_NO_PIC = NO;
				GCC_NO_COMMON_BLOCKS = YES;
				GCC_OPTIMIZATION_LEVEL = 0;
				GCC_PREPROCESSOR_DEFINITIONS = (
					"DEBUG=1",
					"$(inherited)",
				);
				GCC_WARN_64_TO_32_BIT_CONVERSION = YES;
				GCC_WARN_ABOUT_RETURN_TYPE = YES_ERROR;
				GCC_WARN_UNDECLARED_SELECTOR = YES;
				GCC_WARN_UNINITIALIZED_AUTOS = YES_AGGRESSIVE;
				GCC_WARN_UNUSED_FUNCTION = YES;
				GCC_WARN_UNUSED_VARIABLE = YES;
				IPHONEOS_DEPLOYMENT_TARGET = 14.3;
				MTL_ENABLE_DEBUG_INFO = INCLUDE_SOURCE;
				MTL_FAST_MATH = YES;
				ONLY_ACTIVE_ARCH = YES;
				SDKROOT = iphoneos;
				SWIFT_ACTIVE_COMPILATION_CONDITIONS = DEBUG;
				SWIFT_OPTIMIZATION_LEVEL = "-Onone";
				VERSIONING_SYSTEM = "apple-generic";
				VERSION_INFO_PREFIX = "";
			};
			name = Debug;
		};
		777DCEDC258A77F000BF12F5 /* Release */ = {
			isa = XCBuildConfiguration;
			buildSettings = {
				ALWAYS_SEARCH_USER_PATHS = NO;
				CLANG_ANALYZER_NONNULL = YES;
				CLANG_ANALYZER_NUMBER_OBJECT_CONVERSION = YES_AGGRESSIVE;
				CLANG_CXX_LANGUAGE_STANDARD = "gnu++14";
				CLANG_CXX_LIBRARY = "libc++";
				CLANG_ENABLE_MODULES = YES;
				CLANG_ENABLE_OBJC_ARC = YES;
				CLANG_ENABLE_OBJC_WEAK = YES;
				CLANG_WARN_BLOCK_CAPTURE_AUTORELEASING = YES;
				CLANG_WARN_BOOL_CONVERSION = YES;
				CLANG_WARN_COMMA = YES;
				CLANG_WARN_CONSTANT_CONVERSION = YES;
				CLANG_WARN_DEPRECATED_OBJC_IMPLEMENTATIONS = YES;
				CLANG_WARN_DIRECT_OBJC_ISA_USAGE = YES_ERROR;
				CLANG_WARN_DOCUMENTATION_COMMENTS = YES;
				CLANG_WARN_EMPTY_BODY = YES;
				CLANG_WARN_ENUM_CONVERSION = YES;
				CLANG_WARN_INFINITE_RECURSION = YES;
				CLANG_WARN_INT_CONVERSION = YES;
				CLANG_WARN_NON_LITERAL_NULL_CONVERSION = YES;
				CLANG_WARN_OBJC_IMPLICIT_RETAIN_SELF = YES;
				CLANG_WARN_OBJC_LITERAL_CONVERSION = YES;
				CLANG_WARN_OBJC_ROOT_CLASS = YES_ERROR;
				CLANG_WARN_QUOTED_INCLUDE_IN_FRAMEWORK_HEADER = YES;
				CLANG_WARN_RANGE_LOOP_ANALYSIS = YES;
				CLANG_WARN_STRICT_PROTOTYPES = YES;
				CLANG_WARN_SUSPICIOUS_MOVE = YES;
				CLANG_WARN_UNGUARDED_AVAILABILITY = YES_AGGRESSIVE;
				CLANG_WARN_UNREACHABLE_CODE = YES;
				CLANG_WARN__DUPLICATE_METHOD_MATCH = YES;
				COPY_PHASE_STRIP = NO;
				CURRENT_PROJECT_VERSION = 1;
				DEBUG_INFORMATION_FORMAT = "dwarf-with-dsym";
				ENABLE_NS_ASSERTIONS = NO;
				ENABLE_STRICT_OBJC_MSGSEND = YES;
				GCC_C_LANGUAGE_STANDARD = gnu11;
				GCC_NO_COMMON_BLOCKS = YES;
				GCC_WARN_64_TO_32_BIT_CONVERSION = YES;
				GCC_WARN_ABOUT_RETURN_TYPE = YES_ERROR;
				GCC_WARN_UNDECLARED_SELECTOR = YES;
				GCC_WARN_UNINITIALIZED_AUTOS = YES_AGGRESSIVE;
				GCC_WARN_UNUSED_FUNCTION = YES;
				GCC_WARN_UNUSED_VARIABLE = YES;
				IPHONEOS_DEPLOYMENT_TARGET = 14.3;
				MTL_ENABLE_DEBUG_INFO = NO;
				MTL_FAST_MATH = YES;
				SDKROOT = iphoneos;
				SWIFT_COMPILATION_MODE = wholemodule;
				SWIFT_OPTIMIZATION_LEVEL = "-O";
				VALIDATE_PRODUCT = YES;
				VERSIONING_SYSTEM = "apple-generic";
				VERSION_INFO_PREFIX = "";
			};
			name = Release;
		};
		777DCEED258A788E00BF12F5 /* Debug */ = {
			isa = XCBuildConfiguration;
			buildSettings = {
				CLANG_ENABLE_MODULES = YES;
				CODE_SIGN_STYLE = Automatic;
				COMBINE_HIDPI_IMAGES = YES;
				DEFINES_MODULE = YES;
				DEVELOPMENT_TEAM = VH525588L5;
				DYLIB_COMPATIBILITY_VERSION = 1;
				DYLIB_CURRENT_VERSION = 1;
				DYLIB_INSTALL_NAME_BASE = "@rpath";
				INFOPLIST_FILE = Domain/Info.plist;
				INSTALL_PATH = "$(LOCAL_LIBRARY_DIR)/Frameworks";
				LD_RUNPATH_SEARCH_PATHS = (
					"$(inherited)",
					"@executable_path/../Frameworks",
					"@loader_path/Frameworks",
				);
				MACOSX_DEPLOYMENT_TARGET = 10.15;
				PRODUCT_BUNDLE_IDENTIFIER = beatrizcarlos.dev.Domain;
				PRODUCT_NAME = "$(TARGET_NAME:c99extidentifier)";
				SDKROOT = macosx;
				SKIP_INSTALL = YES;
				SWIFT_OPTIMIZATION_LEVEL = "-Onone";
				SWIFT_VERSION = 5.0;
			};
			name = Debug;
		};
		777DCEEE258A788E00BF12F5 /* Release */ = {
			isa = XCBuildConfiguration;
			buildSettings = {
				CLANG_ENABLE_MODULES = YES;
				CODE_SIGN_STYLE = Automatic;
				COMBINE_HIDPI_IMAGES = YES;
				DEFINES_MODULE = YES;
				DEVELOPMENT_TEAM = VH525588L5;
				DYLIB_COMPATIBILITY_VERSION = 1;
				DYLIB_CURRENT_VERSION = 1;
				DYLIB_INSTALL_NAME_BASE = "@rpath";
				INFOPLIST_FILE = Domain/Info.plist;
				INSTALL_PATH = "$(LOCAL_LIBRARY_DIR)/Frameworks";
				LD_RUNPATH_SEARCH_PATHS = (
					"$(inherited)",
					"@executable_path/../Frameworks",
					"@loader_path/Frameworks",
				);
				MACOSX_DEPLOYMENT_TARGET = 10.15;
				PRODUCT_BUNDLE_IDENTIFIER = beatrizcarlos.dev.Domain;
				PRODUCT_NAME = "$(TARGET_NAME:c99extidentifier)";
				SDKROOT = macosx;
				SKIP_INSTALL = YES;
				SWIFT_VERSION = 5.0;
			};
			name = Release;
		};
		777DCF0D258A7E2100BF12F5 /* Debug */ = {
			isa = XCBuildConfiguration;
			buildSettings = {
				CLANG_ENABLE_MODULES = YES;
				CODE_SIGN_STYLE = Automatic;
				COMBINE_HIDPI_IMAGES = YES;
				DEFINES_MODULE = YES;
				DEVELOPMENT_TEAM = VH525588L5;
				DYLIB_COMPATIBILITY_VERSION = 1;
				DYLIB_CURRENT_VERSION = 1;
				DYLIB_INSTALL_NAME_BASE = "@rpath";
				INFOPLIST_FILE = Data/Info.plist;
				INSTALL_PATH = "$(LOCAL_LIBRARY_DIR)/Frameworks";
				LD_RUNPATH_SEARCH_PATHS = (
					"$(inherited)",
					"@executable_path/../Frameworks",
					"@loader_path/Frameworks",
				);
				MACOSX_DEPLOYMENT_TARGET = 10.15;
				PRODUCT_BUNDLE_IDENTIFIER = beatrizcarlos.dev.Data;
				PRODUCT_NAME = "$(TARGET_NAME:c99extidentifier)";
				SDKROOT = macosx;
				SKIP_INSTALL = YES;
				SWIFT_OPTIMIZATION_LEVEL = "-Onone";
				SWIFT_VERSION = 5.0;
			};
			name = Debug;
		};
		777DCF0E258A7E2100BF12F5 /* Release */ = {
			isa = XCBuildConfiguration;
			buildSettings = {
				CLANG_ENABLE_MODULES = YES;
				CODE_SIGN_STYLE = Automatic;
				COMBINE_HIDPI_IMAGES = YES;
				DEFINES_MODULE = YES;
				DEVELOPMENT_TEAM = VH525588L5;
				DYLIB_COMPATIBILITY_VERSION = 1;
				DYLIB_CURRENT_VERSION = 1;
				DYLIB_INSTALL_NAME_BASE = "@rpath";
				INFOPLIST_FILE = Data/Info.plist;
				INSTALL_PATH = "$(LOCAL_LIBRARY_DIR)/Frameworks";
				LD_RUNPATH_SEARCH_PATHS = (
					"$(inherited)",
					"@executable_path/../Frameworks",
					"@loader_path/Frameworks",
				);
				MACOSX_DEPLOYMENT_TARGET = 10.15;
				PRODUCT_BUNDLE_IDENTIFIER = beatrizcarlos.dev.Data;
				PRODUCT_NAME = "$(TARGET_NAME:c99extidentifier)";
				SDKROOT = macosx;
				SKIP_INSTALL = YES;
				SWIFT_VERSION = 5.0;
			};
			name = Release;
		};
		777DCF10258A7E2100BF12F5 /* Debug */ = {
			isa = XCBuildConfiguration;
			buildSettings = {
				ALWAYS_EMBED_SWIFT_STANDARD_LIBRARIES = YES;
				CODE_SIGN_STYLE = Automatic;
				COMBINE_HIDPI_IMAGES = YES;
				DEVELOPMENT_TEAM = VH525588L5;
				INFOPLIST_FILE = DataTests/Info.plist;
				LD_RUNPATH_SEARCH_PATHS = (
					"$(inherited)",
					"@executable_path/../Frameworks",
					"@loader_path/../Frameworks",
				);
				MACOSX_DEPLOYMENT_TARGET = 10.15;
				PRODUCT_BUNDLE_IDENTIFIER = beatrizcarlos.dev.DataTests;
				PRODUCT_NAME = "$(TARGET_NAME)";
				SDKROOT = macosx;
				SWIFT_VERSION = 5.0;
			};
			name = Debug;
		};
		777DCF11258A7E2100BF12F5 /* Release */ = {
			isa = XCBuildConfiguration;
			buildSettings = {
				ALWAYS_EMBED_SWIFT_STANDARD_LIBRARIES = YES;
				CODE_SIGN_STYLE = Automatic;
				COMBINE_HIDPI_IMAGES = YES;
				DEVELOPMENT_TEAM = VH525588L5;
				INFOPLIST_FILE = DataTests/Info.plist;
				LD_RUNPATH_SEARCH_PATHS = (
					"$(inherited)",
					"@executable_path/../Frameworks",
					"@loader_path/../Frameworks",
				);
				MACOSX_DEPLOYMENT_TARGET = 10.15;
				PRODUCT_BUNDLE_IDENTIFIER = beatrizcarlos.dev.DataTests;
				PRODUCT_NAME = "$(TARGET_NAME)";
				SDKROOT = macosx;
				SWIFT_VERSION = 5.0;
			};
			name = Release;
		};
/* End XCBuildConfiguration section */

/* Begin XCConfigurationList section */
		777DCECF258A77F000BF12F5 /* Build configuration list for PBXProject "CleanApp" */ = {
			isa = XCConfigurationList;
			buildConfigurations = (
				777DCEDB258A77F000BF12F5 /* Debug */,
				777DCEDC258A77F000BF12F5 /* Release */,
			);
			defaultConfigurationIsVisible = 0;
			defaultConfigurationName = Release;
		};
		777DCEEC258A788E00BF12F5 /* Build configuration list for PBXNativeTarget "Domain" */ = {
			isa = XCConfigurationList;
			buildConfigurations = (
				777DCEED258A788E00BF12F5 /* Debug */,
				777DCEEE258A788E00BF12F5 /* Release */,
			);
			defaultConfigurationIsVisible = 0;
			defaultConfigurationName = Release;
		};
		777DCF0C258A7E2100BF12F5 /* Build configuration list for PBXNativeTarget "Data" */ = {
			isa = XCConfigurationList;
			buildConfigurations = (
				777DCF0D258A7E2100BF12F5 /* Debug */,
				777DCF0E258A7E2100BF12F5 /* Release */,
			);
			defaultConfigurationIsVisible = 0;
			defaultConfigurationName = Release;
		};
		777DCF0F258A7E2100BF12F5 /* Build configuration list for PBXNativeTarget "DataTests" */ = {
			isa = XCConfigurationList;
			buildConfigurations = (
				777DCF10258A7E2100BF12F5 /* Debug */,
				777DCF11258A7E2100BF12F5 /* Release */,
			);
			defaultConfigurationIsVisible = 0;
			defaultConfigurationName = Release;
		};
/* End XCConfigurationList section */
	};
	rootObject = 777DCECC258A77F000BF12F5 /* Project object */;
}
